
Microsoft Visual Studio Solution File, Format Version 12.00
# Visual Studio 14
VisualStudioVersion = 14.0.23107.0
MinimumVisualStudioVersion = 10.0.40219.1
Project("{FAE04EC0-301F-11D3-BF4B-00C04F79EFBC}") = "HangmanWind", "HangmanWind\HangmanWind.csproj", "{1CBA0CA5-F38F-4C29-8EE0-76613FFA57C9}"
EndProject
Global
	GlobalSection(SolutionConfigurationPlatforms) = preSolution
		Debug|Any CPU = Debug|Any CPU
		Release|Any CPU = Release|Any CPU
	EndGlobalSection
	GlobalSection(ProjectConfigurationPlatforms) = postSolution
		{1CBA0CA5-F38F-4C29-8EE0-76613FFA57C9}.Debug|Any CPU.ActiveCfg = Debug|Any CPU
		{1CBA0CA5-F38F-4C29-8EE0-76613FFA57C9}.Debug|Any CPU.Build.0 = Debug|Any CPU
		{1CBA0CA5-F38F-4C29-8EE0-76613FFA57C9}.Release|Any CPU.ActiveCfg = Release|Any CPU
		{1CBA0CA5-F38F-4C29-8EE0-76613FFA57C9}.Release|Any CPU.Build.0 = Release|Any CPU
	EndGlobalSection
	GlobalSection(SolutionProperties) = preSolution
		HideSolutionNode = FALSE
	EndGlobalSection
EndGlobal
